
Microsoft Visual Studio Solution File, Format Version 12.00
# Visual Studio Version 17
VisualStudioVersion = 17.11.35312.102
MinimumVisualStudioVersion = 10.0.40219.1
Project("{888888A0-9F3D-457C-B088-3A5042F75D52}") = "3djangoDB", "3djangoDB.pyproj", "{93BCC89B-0CB4-47D0-B7BF-EA19ED8AB097}"
EndProject
Global
	GlobalSection(SolutionConfigurationPlatforms) = preSolution
		Debug|Any CPU = Debug|Any CPU
		Release|Any CPU = Release|Any CPU
	EndGlobalSection
	GlobalSection(ProjectConfigurationPlatforms) = postSolution
		{93BCC89B-0CB4-47D0-B7BF-EA19ED8AB097}.Debug|Any CPU.ActiveCfg = Debug|Any CPU
		{93BCC89B-0CB4-47D0-B7BF-EA19ED8AB097}.Release|Any CPU.ActiveCfg = Release|Any CPU
	EndGlobalSection
	GlobalSection(SolutionProperties) = preSolution
		HideSolutionNode = FALSE
	EndGlobalSection
	GlobalSection(ExtensibilityGlobals) = postSolution
		SolutionGuid = {5967AC6A-D6C1-4742-9E6A-6D8B488D6416}
	EndGlobalSection
EndGlobal
